<?xml version="1.0" encoding="utf-8"?>
<Project ToolsVersion="4.0" xmlns="http://schemas.microsoft.com/developer/msbuild/2003">
  <ItemGroup>
    <Filter Include="Fichiers sources">
      <UniqueIdentifier>{4FC737F1-C7A5-4376-A066-2A32D752A2FF}</UniqueIdentifier>
      <Extensions>cpp;c;cc;cxx;c++;cppm;ixx;def;odl;idl;hpj;bat;asm;asmx</Extensions>
    </Filter>
    <Filter Include="Fichiers de ressources">
      <UniqueIdentifier>{67DA6AB6-F800-4c08-8B7A-83BB121AAD01}</UniqueIdentifier>
      <Extensions>rc;ico;cur;bmp;dlg;rc2;rct;bin;rgs;gif;jpg;jpeg;jpe;resx;tiff;tif;png;wav;mfcribbon-ms</Extensions>
    </Filter>
    <Filter Include="Fichiers sources\Window">
      <UniqueIdentifier>{dea17eba-ebb8-4c41-852d-f01eb8a82d1e}</UniqueIdentifier>
    </Filter>
    <Filter Include="Fichiers sources\Sprite">
      <UniqueIdentifier>{3ac430fc-a58f-4e50-93f8-2a08c2889557}</UniqueIdentifier>
    </Filter>
    <Filter Include="Fichiers sources\Core">
      <UniqueIdentifier>{a79be105-cfd3-4a79-8fd7-0307ef495b0f}</UniqueIdentifier>
    </Filter>
    <Filter Include="Fichiers sources\GameMode">
      <UniqueIdentifier>{1a2cf6eb-ab93-4a30-bf8a-ad074e42dd45}</UniqueIdentifier>
    </Filter>
    <Filter Include="Fichiers sources\Physics">
      <UniqueIdentifier>{c00acaec-7d70-449a-8726-0ac7702b7bbe}</UniqueIdentifier>
    </Filter>
    <Filter Include="Fichiers d%27en-tête">
      <UniqueIdentifier>{3560df1f-9758-4234-acc1-fd0622939f6c}</UniqueIdentifier>
    </Filter>
    <Filter Include="Fichiers d%27en-tête\GameMode">
      <UniqueIdentifier>{e05d1e63-640e-4805-be36-5a9917269442}</UniqueIdentifier>
    </Filter>
    <Filter Include="Fichiers d%27en-tête\Sprite">
      <UniqueIdentifier>{a609fda9-2f19-4a62-b906-d345b980e50c}</UniqueIdentifier>
    </Filter>
    <Filter Include="Fichiers d%27en-tête\Physics">
      <UniqueIdentifier>{5b5629f4-5db3-4ecf-bd2f-39f3dc0da5f8}</UniqueIdentifier>
    </Filter>
    <Filter Include="Fichiers d%27en-tête\Window">
      <UniqueIdentifier>{df3a86b0-1666-4e2d-952b-8b2e154143fb}</UniqueIdentifier>
    </Filter>
    <Filter Include="Fichiers de ressources\Font">
      <UniqueIdentifier>{5436b24b-00ba-42a0-9714-54148de23d50}</UniqueIdentifier>
    </Filter>
    <Filter Include="Fichiers d%27en-tête\Core">
      <UniqueIdentifier>{6fb3a92a-8684-4137-b26f-b7060adc414b}</UniqueIdentifier>
    </Filter>
  </ItemGroup>
  <ItemGroup>
    <ClCompile Include="Encapsulation.cpp">
      <Filter>Fichiers sources</Filter>
    </ClCompile>
    <ClCompile Include="Src\Core\App.cpp">
      <Filter>Fichiers sources\Core</Filter>
    </ClCompile>
    <ClCompile Include="Src\Sprite\Sprite.cpp">
      <Filter>Fichiers sources\Sprite</Filter>
    </ClCompile>
    <ClCompile Include="Src\Sprite\SpriteRayLib.cpp">
      <Filter>Fichiers sources\Sprite</Filter>
    </ClCompile>
    <ClCompile Include="Src\Sprite\SpriteSDL.cpp">
      <Filter>Fichiers sources\Sprite</Filter>
    </ClCompile>
    <ClCompile Include="Src\Window\Window.cpp">
      <Filter>Fichiers sources\Window</Filter>
    </ClCompile>
    <ClCompile Include="Src\Window\WindowRayLib.cpp">
      <Filter>Fichiers sources\Window</Filter>
    </ClCompile>
    <ClCompile Include="Src\Window\WindowSDL.cpp">
      <Filter>Fichiers sources\Window</Filter>
    </ClCompile>
    <ClCompile Include="Src\GameMode\BouncingBallsGM.cpp">
      <Filter>Fichiers sources\GameMode</Filter>
    </ClCompile>
    <ClCompile Include="Src\GameMode\GameMode.cpp">
      <Filter>Fichiers sources\GameMode</Filter>
    </ClCompile>
    <ClCompile Include="Src\Physics\CirclePhysics.cpp">
      <Filter>Fichiers sources\Physics</Filter>
    </ClCompile>
    <ClCompile Include="Src\Physics\QuadTree.cpp">
      <Filter>Fichiers sources\Physics</Filter>
    </ClCompile>
  </ItemGroup>
  <ItemGroup>
    <Image Include="Src\Ressources\masterBall.bmp">
      <Filter>Fichiers de ressources</Filter>
    </Image>
    <Image Include="Src\Ressources\masterBall.png">
      <Filter>Fichiers de ressources</Filter>
    </Image>
  </ItemGroup>
  <ItemGroup>
    <Font Include="Src\Ressources\font\times.ttf">
      <Filter>Fichiers de ressources\Font</Filter>
    </Font>
    <Font Include="Src\Ressources\font\timesbd.ttf">
      <Filter>Fichiers de ressources\Font</Filter>
    </Font>
    <Font Include="Src\Ressources\font\timesbi.ttf">
      <Filter>Fichiers de ressources\Font</Filter>
    </Font>
    <Font Include="Src\Ressources\font\timesi.ttf">
      <Filter>Fichiers de ressources\Font</Filter>
    </Font>
  </ItemGroup>
  <ItemGroup>
    <ClInclude Include="Src\Physics\CirclePhysics.h">
      <Filter>Fichiers d%27en-tête\Physics</Filter>
    </ClInclude>
    <ClInclude Include="Src\Physics\QuadTree.h">
      <Filter>Fichiers d%27en-tête\Physics</Filter>
    </ClInclude>
    <ClInclude Include="Src\Window\Window.h">
      <Filter>Fichiers d%27en-tête\Window</Filter>
    </ClInclude>
    <ClInclude Include="Src\Window\WindowRayLib.h">
      <Filter>Fichiers d%27en-tête\Window</Filter>
    </ClInclude>
    <ClInclude Include="Src\Window\WindowSDL.h">
      <Filter>Fichiers d%27en-tête\Window</Filter>
    </ClInclude>
    <ClInclude Include="Src\GameMode\BouncingBallsGM.h">
      <Filter>Fichiers d%27en-tête\GameMode</Filter>
    </ClInclude>
    <ClInclude Include="Src\GameMode\GameMode.h">
      <Filter>Fichiers d%27en-tête\GameMode</Filter>
    </ClInclude>
    <ClInclude Include="Src\Sprite\Sprite.h">
      <Filter>Fichiers d%27en-tête\Sprite</Filter>
    </ClInclude>
    <ClInclude Include="Src\Sprite\SpriteRayLib.h">
      <Filter>Fichiers d%27en-tête\Sprite</Filter>
    </ClInclude>
    <ClInclude Include="Src\Sprite\SpriteSDL.h">
      <Filter>Fichiers d%27en-tête\Sprite</Filter>
    </ClInclude>
    <ClInclude Include="Src\Core\App.h">
      <Filter>Fichiers d%27en-tête\Core</Filter>
    </ClInclude>
  </ItemGroup>
</Project>